lockfileVersion: '9.0'

settings:
  autoInstallPeers: true
  excludeLinksFromLockfile: false

importers:

  .:
    devDependencies:
      '@supercharge/promise-pool':
        specifier: ^3.2.0
        version: 3.2.0
      '@types/find-root':
        specifier: ^1.1.4
        version: 1.1.4
      '@types/node':
        specifier: ^22.13.4
        version: 22.13.4
      find-root:
        specifier: ^1.1.0
        version: 1.1.0
      tree-sitter:
        specifier: 0.21.1
        version: 0.21.1
      tree-sitter-c:
        specifier: 0.23.2
        version: 0.23.2(tree-sitter@0.21.1)
      tree-sitter-c-sharp:
        specifier: 0.23.1
        version: 0.23.1(tree-sitter@0.21.1)
      tree-sitter-cli:
        specifier: 0.24.7
        version: 0.24.7
      tree-sitter-cpp:
        specifier: 0.23.4
        version: 0.23.4(tree-sitter@0.21.1)
      tree-sitter-go:
        specifier: 0.23.4
        version: 0.23.4(tree-sitter@0.21.1)
      tree-sitter-java:
        specifier: 0.23.5
        version: 0.23.5(tree-sitter@0.21.1)
      tree-sitter-javascript:
        specifier: 0.23.1
        version: 0.23.1(tree-sitter@0.21.1)
      tree-sitter-julia:
        specifier: 0.23.1
        version: 0.23.1(tree-sitter@0.21.1)
      tree-sitter-kotlin:
        specifier: 0.3.8
        version: 0.3.8(tree-sitter@0.21.1)
      tree-sitter-lua:
        specifier: github:tree-sitter-grammars/tree-sitter-lua#1197e88fb53fe7a3a5d7b95ba02b225cacb763cb
        version: '@tree-sitter-grammars/tree-sitter-lua@https://codeload.github.com/tree-sitter-grammars/tree-sitter-lua/tar.gz/1197e88fb53fe7a3a5d7b95ba02b225cacb763cb(tree-sitter@0.21.1)'
      tree-sitter-php:
        specifier: 0.23.11
        version: 0.23.11(tree-sitter@0.21.1)
      tree-sitter-python:
        specifier: 0.23.4
        version: 0.23.4(tree-sitter@0.21.1)
      tree-sitter-r:
        specifier: github:r-lib/tree-sitter-r#5a82944f94e33a3923ba11a17988a697dca05a22
        version: https://codeload.github.com/r-lib/tree-sitter-r/tar.gz/5a82944f94e33a3923ba11a17988a697dca05a22(tree-sitter@0.21.1)
      tree-sitter-ruby:
        specifier: 0.23.1
        version: 0.23.1(tree-sitter@0.21.1)
      tree-sitter-rust:
        specifier: 0.23.1
        version: 0.23.1(tree-sitter@0.21.1)
      tree-sitter-swift:
        specifier: 0.6.0
        version: 0.6.0(tree-sitter@0.21.1)
      tree-sitter-typescript:
        specifier: 0.23.2
        version: 0.23.2(tree-sitter@0.21.1)
      ts-node:
        specifier: ^10.9.2
        version: 10.9.2(@types/node@22.13.4)(typescript@5.7.3)
      typescript:
        specifier: 5.7.3
        version: 5.7.3

packages:

  '@cspotcode/source-map-support@0.8.1':
    resolution: {integrity: sha512-IchNf6dN4tHoMFIn/7OE8LWZ19Y6q/67Bmf6vnGREv8RSbBVb9LPJxEcnwrcwX6ixSvaiGoomAUvu4YSxXrVgw==}
    engines: {node: '>=12'}

  '@jridgewell/resolve-uri@3.1.2':
    resolution: {integrity: sha512-bRISgCIjP20/tbWSPWMEi54QVPRZExkuD9lJL+UIxUKtwVJA8wW1Trb1jMs1RFXo1CBTNZ/5hpC9QvmKWdopKw==}
    engines: {node: '>=6.0.0'}

  '@jridgewell/sourcemap-codec@1.5.0':
    resolution: {integrity: sha512-gv3ZRaISU3fjPAgNsriBRqGWQL6quFx04YMPW/zD8XMLsU32mhCCbfbO6KZFLjvYpCZ8zyDEgqsgf+PwPaM7GQ==}

  '@jridgewell/trace-mapping@0.3.9':
    resolution: {integrity: sha512-3Belt6tdc8bPgAtbcmdtNJlirVoTmEb5e2gC94PnkwEW9jI6CAHUeoG85tjWP5WquqfavoMtMwiG4P926ZKKuQ==}

  '@supercharge/promise-pool@3.2.0':
    resolution: {integrity: sha512-pj0cAALblTZBPtMltWOlZTQSLT07jIaFNeM8TWoJD1cQMgDB9mcMlVMoetiB35OzNJpqQ2b+QEtwiR9f20mADg==}
    engines: {node: '>=8'}

  '@tree-sitter-grammars/tree-sitter-lua@https://codeload.github.com/tree-sitter-grammars/tree-sitter-lua/tar.gz/1197e88fb53fe7a3a5d7b95ba02b225cacb763cb':
    resolution: {tarball: https://codeload.github.com/tree-sitter-grammars/tree-sitter-lua/tar.gz/1197e88fb53fe7a3a5d7b95ba02b225cacb763cb}
    version: 0.3.0
    peerDependencies:
      tree-sitter: ^0.21.1
    peerDependenciesMeta:
      tree-sitter:
        optional: true

  '@tsconfig/node10@1.0.11':
    resolution: {integrity: sha512-DcRjDCujK/kCk/cUe8Xz8ZSpm8mS3mNNpta+jGCA6USEDfktlNvm1+IuZ9eTcDbNk41BHwpHHeW+N1lKCz4zOw==}

  '@tsconfig/node12@1.0.11':
    resolution: {integrity: sha512-cqefuRsh12pWyGsIoBKJA9luFu3mRxCA+ORZvA4ktLSzIuCUtWVxGIuXigEwO5/ywWFMZ2QEGKWvkZG1zDMTag==}

  '@tsconfig/node14@1.0.3':
    resolution: {integrity: sha512-ysT8mhdixWK6Hw3i1V2AeRqZ5WfXg1G43mqoYlM2nc6388Fq5jcXyr5mRsqViLx/GJYdoL0bfXD8nmF+Zn/Iow==}

  '@tsconfig/node16@1.0.4':
    resolution: {integrity: sha512-vxhUy4J8lyeyinH7Azl1pdd43GJhZH/tP2weN8TntQblOY+A0XbT8DJk1/oCPuOOyg/Ja757rG0CgHcWC8OfMA==}

  '@types/find-root@1.1.4':
    resolution: {integrity: sha512-2EXK/+gVhVgtt4JqThbEncORvpYJKzi9tQGmI3EkU2jTgMzQsrPm/hbd5xe5uPdeFzIW5gh2PRvvPjaUsI8vpg==}

  '@types/node@22.13.4':
    resolution: {integrity: sha512-ywP2X0DYtX3y08eFVx5fNIw7/uIv8hYUKgXoK8oayJlLnKcRfEYCxWMVE1XagUdVtCJlZT1AU4LXEABW+L1Peg==}

  acorn-walk@8.3.4:
    resolution: {integrity: sha512-ueEepnujpqee2o5aIYnvHU6C0A42MNdsIDeqy5BydrkuC5R1ZuUFnm27EeFJGoEHJQgn3uleRvmTXaJgfXbt4g==}
    engines: {node: '>=0.4.0'}

  acorn@8.14.0:
    resolution: {integrity: sha512-cl669nCJTZBsL97OF4kUQm5g5hC2uihk0NxY3WENAC0TYdILVkAyHymAntgxGkl7K+t0cXIrH5siy5S4XkFycA==}
    engines: {node: '>=0.4.0'}
    hasBin: true

  arg@4.1.3:
    resolution: {integrity: sha512-58S9QDqG0Xx27YwPSt9fJxivjYl432YCwfDMfZ+71RAqUrZef7LrKQZ3LHLOwCS4FLNBplP533Zx895SeOCHvA==}

  create-require@1.1.1:
    resolution: {integrity: sha512-dcKFX3jn0MpIaXjisoRvexIJVEKzaq7z2rZKxf+MSr9TkdmHmsU4m2lcLojrj/FHl8mk5VxMmYA+ftRkP/3oKQ==}

  diff@4.0.2:
    resolution: {integrity: sha512-58lmxKSA4BNyLz+HHMUzlOEpg09FV+ev6ZMe3vJihgdxzgcwZ8VoEEPmALCZG9LmqfVoNMMKpttIYTVG6uDY7A==}
    engines: {node: '>=0.3.1'}

  find-root@1.1.0:
    resolution: {integrity: sha512-NKfW6bec6GfKc0SGx1e07QZY9PE99u0Bft/0rzSD5k3sO/vwkVUpDUKVm5Gpp5Ue3YfShPFTX2070tDs5kB9Ng==}

  isexe@2.0.0:
    resolution: {integrity: sha512-RHxMLp9lnKHGHRng9QFhRCMbYAcVpn69smSGcq3f36xjgVVWThj4qqLbTLlq7Ssj8B+fIQ1EuCEGI2lKsyQeIw==}

  make-error@1.3.6:
    resolution: {integrity: sha512-s8UhlNe7vPKomQhC1qFelMokr/Sc3AgNbso3n74mVPA5LTZwkB9NlXf4XPamLxJE8h0gh73rM94xvwRT2CVInw==}

  node-addon-api@7.1.1:
    resolution: {integrity: sha512-5m3bsyrjFWE1xf7nz7YXdN4udnVtXK6/Yfgn5qnahL6bCkf2yKt4k3nuTKAtT4r3IG8JNR2ncsIMdZuAzJjHQQ==}

  node-addon-api@8.3.0:
    resolution: {integrity: sha512-8VOpLHFrOQlAH+qA0ZzuGRlALRA6/LVh8QJldbrC4DY0hXoMP0l4Acq8TzFC018HztWiRqyCEj2aTWY2UvnJUg==}
    engines: {node: ^18 || ^20 || >= 21}

  node-gyp-build@4.8.4:
    resolution: {integrity: sha512-LA4ZjwlnUblHVgq0oBF3Jl/6h/Nvs5fzBLwdEF4nuxnFdsfajde4WfxtJr3CaiH+F6ewcIB/q4jQ4UzPyid+CQ==}
    hasBin: true

  tree-sitter-c-sharp@0.23.1:
    resolution: {integrity: sha512-9zZ4FlcTRWWfRf6f4PgGhG8saPls6qOOt75tDfX7un9vQZJmARjPrAC6yBNCX2T/VKcCjIDbgq0evFaB3iGhQw==}
    peerDependencies:
      tree-sitter: ^0.21.1
    peerDependenciesMeta:
      tree-sitter:
        optional: true

  tree-sitter-c@0.23.2:
    resolution: {integrity: sha512-9kADOx31AF94DHcrsMGW0zM/2LS6v7wFkPHPVm7RQU+vYVVZMKZ2FJ9e99pm5feqsAcjUzB9CarqDLgRT1Fe/w==}
    peerDependencies:
      tree-sitter: ^0.21.1
    peerDependenciesMeta:
      tree-sitter:
        optional: true

  tree-sitter-cli@0.23.2:
    resolution: {integrity: sha512-kPPXprOqREX+C/FgUp2Qpt9jd0vSwn+hOgjzVv/7hapdoWpa+VeWId53rf4oNNd29ikheF12BYtGD/W90feMbA==}
    engines: {node: '>=12.0.0'}
    hasBin: true

  tree-sitter-cli@0.24.7:
    resolution: {integrity: sha512-o4gnE82pVmMMhJbWwD6+I9yr4lXii5Ci5qEQ2pFpUbVy1YiD8cizTJaqdcznA0qEbo7l2OneI1GocChPrI4YGQ==}
    engines: {node: '>=12.0.0'}
    hasBin: true

  tree-sitter-cpp@0.23.4:
    resolution: {integrity: sha512-qR5qUDyhZ5jJ6V8/umiBxokRbe89bCGmcq/dk94wI4kN86qfdV8k0GHIUEKaqWgcu42wKal5E97LKpLeVW8sKw==}
    peerDependencies:
      tree-sitter: ^0.21.1
    peerDependenciesMeta:
      tree-sitter:
        optional: true

  tree-sitter-go@0.23.4:
    resolution: {integrity: sha512-iQaHEs4yMa/hMo/ZCGqLfG61F0miinULU1fFh+GZreCRtKylFLtvn798ocCZjO2r/ungNZgAY1s1hPFyAwkc7w==}
    peerDependencies:
      tree-sitter: ^0.21.1
    peerDependenciesMeta:
      tree-sitter:
        optional: true

  tree-sitter-java@0.23.5:
    resolution: {integrity: sha512-Yju7oQ0Xx7GcUT01mUglPP+bYfvqjNCGdxqigTnew9nLGoII42PNVP3bHrYeMxswiCRM0yubWmN5qk+zsg0zMA==}
    peerDependencies:
      tree-sitter: ^0.21.1
    peerDependenciesMeta:
      tree-sitter:
        optional: true

  tree-sitter-javascript@0.23.1:
    resolution: {integrity: sha512-/bnhbrTD9frUYHQTiYnPcxyHORIw157ERBa6dqzaKxvR/x3PC4Yzd+D1pZIMS6zNg2v3a8BZ0oK7jHqsQo9fWA==}
    peerDependencies:
      tree-sitter: ^0.21.1
    peerDependenciesMeta:
      tree-sitter:
        optional: true

  tree-sitter-julia@0.23.1:
    resolution: {integrity: sha512-3vShY0GIu8ajR6hXzE0pyUk6kkfg4pGx3Bfzm6lGmR9aC3fe+LgoBMlaFJ7JY+t0fNFccc77J8HVP67ukuDMxQ==}
    peerDependencies:
      tree-sitter: ^0.21.1
    peerDependenciesMeta:
      tree-sitter:
        optional: true

  tree-sitter-kotlin@0.3.8:
    resolution: {integrity: sha512-A4obq6bjzmYrA+F0JLLoheFPcofFkctNaZSpnDd+GPn1SfVZLY4/GG4C0cYVBTOShuPBGGAOPLM1JWLZQV4m1g==}
    peerDependencies:
      tree-sitter: ^0.21.0
      tree_sitter: '*'
    peerDependenciesMeta:
      tree_sitter:
        optional: true

  tree-sitter-php@0.23.11:
    resolution: {integrity: sha512-n+YHSKmYKCyPXsg72rqoUtXyCmNRsG/xe7ExrF2g6bXDERcQ/NPOKIzNfRIcI3f3TtbD6PooA0gMW0EpuuUjVA==}
    peerDependencies:
      tree-sitter: ^0.21.1
    peerDependenciesMeta:
      tree-sitter:
        optional: true

  tree-sitter-python@0.23.4:
    resolution: {integrity: sha512-MbmUAl7y5UCUWqHscHke7DdRDwQnVNMNKQYQc4Gq2p09j+fgPxaU8JVsuOI/0HD3BSEEe5k9j3xmdtIWbDtDgw==}
    peerDependencies:
      tree-sitter: ^0.21.1
    peerDependenciesMeta:
      tree-sitter:
        optional: true

  tree-sitter-r@https://codeload.github.com/r-lib/tree-sitter-r/tar.gz/5a82944f94e33a3923ba11a17988a697dca05a22:
    resolution: {tarball: https://codeload.github.com/r-lib/tree-sitter-r/tar.gz/5a82944f94e33a3923ba11a17988a697dca05a22}
    version: 1.1.0
    peerDependencies:
      tree-sitter: ^0.21.0
      tree_sitter: '*'
    peerDependenciesMeta:
      tree_sitter:
        optional: true

  tree-sitter-ruby@0.23.1:
    resolution: {integrity: sha512-d9/RXgWjR6HanN7wTYhS5bpBQLz1VkH048Vm3CodPGyJVnamXMGb8oEhDypVCBq4QnHui9sTXuJBBP3WtCw5RA==}
    peerDependencies:
      tree-sitter: ^0.21.1
    peerDependenciesMeta:
      tree-sitter:
        optional: true

  tree-sitter-rust@0.23.1:
    resolution: {integrity: sha512-wrMptzUAfbl3DbNrldZveyNM2CWmRw2VvEo2j/855qQbMMz4dlCF+TBwRN/1FL1S6cYvAEAJaCMesGqhocFJhQ==}
    peerDependencies:
      tree-sitter: ^0.21.1
    peerDependenciesMeta:
      tree-sitter:
        optional: true

  tree-sitter-swift@0.6.0:
    resolution: {integrity: sha512-9vOJZes4/UFjBr4COHtp6ZHVuZYwfChSQbpneXQog04dAstfx5px3ybVX2cN+ylvLqsvVpmXLpidxxgF2rDQ7A==}
    peerDependencies:
      tree-sitter: ^0.21.1
      tree_sitter: '*'
    peerDependenciesMeta:
      tree_sitter:
        optional: true

  tree-sitter-typescript@0.23.2:
    resolution: {integrity: sha512-e04JUUKxTT53/x3Uq1zIL45DoYKVfHH4CZqwgZhPg5qYROl5nQjV+85ruFzFGZxu+QeFVbRTPDRnqL9UbU4VeA==}
    peerDependencies:
      tree-sitter: ^0.21.0
    peerDependenciesMeta:
      tree-sitter:
        optional: true

  tree-sitter@0.21.1:
    resolution: {integrity: sha512-7dxoA6kYvtgWw80265MyqJlkRl4yawIjO7S5MigytjELkX43fV2WsAXzsNfO7sBpPPCF5Gp0+XzHk0DwLCq3xQ==}

  ts-node@10.9.2:
    resolution: {integrity: sha512-f0FFpIdcHgn8zcPSbf1dRevwt047YMnaiJM3u2w2RewrB+fob/zePZcrOyQoLMMO7aBIddLcQIEK5dYjkLnGrQ==}
    hasBin: true
    peerDependencies:
      '@swc/core': '>=1.2.50'
      '@swc/wasm': '>=1.2.50'
      '@types/node': '*'
      typescript: '>=2.7'
    peerDependenciesMeta:
      '@swc/core':
        optional: true
      '@swc/wasm':
        optional: true

  typescript@5.7.3:
    resolution: {integrity: sha512-84MVSjMEHP+FQRPy3pX9sTVV/INIex71s9TL2Gm5FG/WG1SqXeKyZ0k7/blY/4FdOzI12CBy1vGc4og/eus0fw==}
    engines: {node: '>=14.17'}
    hasBin: true

  undici-types@6.20.0:
    resolution: {integrity: sha512-Ny6QZ2Nju20vw1SRHe3d9jVu6gJ+4e3+MMpqu7pqE5HT6WsTSlce++GQmK5UXS8mzV8DSYHrQH+Xrf2jVcuKNg==}

  v8-compile-cache-lib@3.0.1:
    resolution: {integrity: sha512-wa7YjyUGfNZngI/vtK0UHAN+lgDCxBPCylVXGp0zu59Fz5aiGtNXaq3DhIov063MorB+VfufLh3JlF2KdTK3xg==}

  which@2.0.2:
    resolution: {integrity: sha512-BLI3Tl1TW3Pvl70l3yq3Y64i+awpwXqsGBYWkkqMtnbXgrMD+yj7rhW0kuEDxzJaYXGjEW5ogapKNMEKNMjibA==}
    engines: {node: '>= 8'}
    hasBin: true

  yn@3.1.1:
    resolution: {integrity: sha512-Ux4ygGWsu2c7isFWe8Yu1YluJmqVhxqK2cLXNQA5AcC3QfbGNpM7fu0Y8b/z16pXLnFxZYvWhd3fhBY9DLmC6Q==}
    engines: {node: '>=6'}

snapshots:

  '@cspotcode/source-map-support@0.8.1':
    dependencies:
      '@jridgewell/trace-mapping': 0.3.9

  '@jridgewell/resolve-uri@3.1.2': {}

  '@jridgewell/sourcemap-codec@1.5.0': {}

  '@jridgewell/trace-mapping@0.3.9':
    dependencies:
      '@jridgewell/resolve-uri': 3.1.2
      '@jridgewell/sourcemap-codec': 1.5.0

  '@supercharge/promise-pool@3.2.0': {}

  '@tree-sitter-grammars/tree-sitter-lua@https://codeload.github.com/tree-sitter-grammars/tree-sitter-lua/tar.gz/1197e88fb53fe7a3a5d7b95ba02b225cacb763cb(tree-sitter@0.21.1)':
    dependencies:
      node-addon-api: 8.3.0
      node-gyp-build: 4.8.4
    optionalDependencies:
      tree-sitter: 0.21.1

  '@tsconfig/node10@1.0.11': {}

  '@tsconfig/node12@1.0.11': {}

  '@tsconfig/node14@1.0.3': {}

  '@tsconfig/node16@1.0.4': {}

  '@types/find-root@1.1.4': {}

  '@types/node@22.13.4':
    dependencies:
      undici-types: 6.20.0

  acorn-walk@8.3.4:
    dependencies:
      acorn: 8.14.0

  acorn@8.14.0: {}

  arg@4.1.3: {}

  create-require@1.1.1: {}

  diff@4.0.2: {}

  find-root@1.1.0: {}

  isexe@2.0.0: {}

  make-error@1.3.6: {}

  node-addon-api@7.1.1: {}

  node-addon-api@8.3.0: {}

  node-gyp-build@4.8.4: {}

  tree-sitter-c-sharp@0.23.1(tree-sitter@0.21.1):
    dependencies:
      node-addon-api: 8.3.0
      node-gyp-build: 4.8.4
    optionalDependencies:
      tree-sitter: 0.21.1

  tree-sitter-c@0.23.2(tree-sitter@0.21.1):
    dependencies:
      node-addon-api: 8.3.0
      node-gyp-build: 4.8.4
    optionalDependencies:
      tree-sitter: 0.21.1

  tree-sitter-cli@0.23.2: {}

  tree-sitter-cli@0.24.7: {}

  tree-sitter-cpp@0.23.4(tree-sitter@0.21.1):
    dependencies:
      node-addon-api: 8.3.0
      node-gyp-build: 4.8.4
      tree-sitter-c: 0.23.2(tree-sitter@0.21.1)
    optionalDependencies:
      tree-sitter: 0.21.1

  tree-sitter-go@0.23.4(tree-sitter@0.21.1):
    dependencies:
      node-addon-api: 8.3.0
      node-gyp-build: 4.8.4
    optionalDependencies:
      tree-sitter: 0.21.1

  tree-sitter-java@0.23.5(tree-sitter@0.21.1):
    dependencies:
      node-addon-api: 8.3.0
      node-gyp-build: 4.8.4
    optionalDependencies:
      tree-sitter: 0.21.1

  tree-sitter-javascript@0.23.1(tree-sitter@0.21.1):
    dependencies:
      node-addon-api: 8.3.0
      node-gyp-build: 4.8.4
    optionalDependencies:
      tree-sitter: 0.21.1

  tree-sitter-julia@0.23.1(tree-sitter@0.21.1):
    dependencies:
      node-addon-api: 8.3.0
      node-gyp-build: 4.8.4
    optionalDependencies:
      tree-sitter: 0.21.1

  tree-sitter-kotlin@0.3.8(tree-sitter@0.21.1):
    dependencies:
      node-addon-api: 7.1.1
      node-gyp-build: 4.8.4
      tree-sitter: 0.21.1

  tree-sitter-php@0.23.11(tree-sitter@0.21.1):
    dependencies:
      node-addon-api: 8.3.0
      node-gyp-build: 4.8.4
    optionalDependencies:
      tree-sitter: 0.21.1

  tree-sitter-python@0.23.4(tree-sitter@0.21.1):
    dependencies:
      node-addon-api: 8.3.0
      node-gyp-build: 4.8.4
    optionalDependencies:
      tree-sitter: 0.21.1

  tree-sitter-r@https://codeload.github.com/r-lib/tree-sitter-r/tar.gz/5a82944f94e33a3923ba11a17988a697dca05a22(tree-sitter@0.21.1):
    dependencies:
      node-addon-api: 8.3.0
      node-gyp-build: 4.8.4
      tree-sitter: 0.21.1

  tree-sitter-ruby@0.23.1(tree-sitter@0.21.1):
    dependencies:
      node-addon-api: 8.3.0
      node-gyp-build: 4.8.4
    optionalDependencies:
      tree-sitter: 0.21.1

  tree-sitter-rust@0.23.1(tree-sitter@0.21.1):
    dependencies:
      node-addon-api: 8.3.0
      node-gyp-build: 4.8.4
    optionalDependencies:
      tree-sitter: 0.21.1

  tree-sitter-swift@0.6.0(tree-sitter@0.21.1):
    dependencies:
      node-addon-api: 8.3.0
      node-gyp-build: 4.8.4
      tree-sitter: 0.21.1
      tree-sitter-cli: 0.23.2
      which: 2.0.2

  tree-sitter-typescript@0.23.2(tree-sitter@0.21.1):
    dependencies:
      node-addon-api: 8.3.0
      node-gyp-build: 4.8.4
      tree-sitter-javascript: 0.23.1(tree-sitter@0.21.1)
    optionalDependencies:
      tree-sitter: 0.21.1

  tree-sitter@0.21.1:
    dependencies:
      node-addon-api: 8.3.0
      node-gyp-build: 4.8.4

  ts-node@10.9.2(@types/node@22.13.4)(typescript@5.7.3):
    dependencies:
      '@cspotcode/source-map-support': 0.8.1
      '@tsconfig/node10': 1.0.11
      '@tsconfig/node12': 1.0.11
      '@tsconfig/node14': 1.0.3
      '@tsconfig/node16': 1.0.4
      '@types/node': 22.13.4
      acorn: 8.14.0
      acorn-walk: 8.3.4
      arg: 4.1.3
      create-require: 1.1.1
      diff: 4.0.2
      make-error: 1.3.6
      typescript: 5.7.3
      v8-compile-cache-lib: 3.0.1
      yn: 3.1.1

  typescript@5.7.3: {}

  undici-types@6.20.0: {}

  v8-compile-cache-lib@3.0.1: {}

  which@2.0.2:
    dependencies:
      isexe: 2.0.0

  yn@3.1.1: {}
